
Microsoft Visual Studio Solution File, Format Version 12.00
# Visual Studio Version 16
VisualStudioVersion = 16.0.30717.126
MinimumVisualStudioVersion = 10.0.40219.1
Project("{FAE04EC0-301F-11D3-BF4B-00C04F79EFBC}") = "DevPDF_Extractor", "DevPDF_Extractor\DevPDF_Extractor.csproj", "{77CC3214-A3B5-42D6-9FF2-5752321CD389}"
EndProject
Global
	GlobalSection(SolutionConfigurationPlatforms) = preSolution
		Debug|Any CPU = Debug|Any CPU
		Release|Any CPU = Release|Any CPU
	EndGlobalSection
	GlobalSection(ProjectConfigurationPlatforms) = postSolution
		{77CC3214-A3B5-42D6-9FF2-5752321CD389}.Debug|Any CPU.ActiveCfg = Debug|Any CPU
		{77CC3214-A3B5-42D6-9FF2-5752321CD389}.Debug|Any CPU.Build.0 = Debug|Any CPU
		{77CC3214-A3B5-42D6-9FF2-5752321CD389}.Release|Any CPU.ActiveCfg = Release|Any CPU
		{77CC3214-A3B5-42D6-9FF2-5752321CD389}.Release|Any CPU.Build.0 = Release|Any CPU
	EndGlobalSection
	GlobalSection(SolutionProperties) = preSolution
		HideSolutionNode = FALSE
	EndGlobalSection
	GlobalSection(ExtensibilityGlobals) = postSolution
		SolutionGuid = {BC36CE2B-4E1D-48A1-91A8-815774190BC3}
	EndGlobalSection
EndGlobal
